
Microsoft Visual Studio Solution File, Format Version 12.00
# Visual Studio Version 17
VisualStudioVersion = 17.3.32929.385
MinimumVisualStudioVersion = 10.0.40219.1
Project("{FAE04EC0-301F-11D3-BF4B-00C04F79EFBC}") = "BlogLab.Web", "BlogLab.Web\BlogLab.Web.csproj", "{BB548CC0-3619-40B1-8AA8-6B7843A2398D}"
EndProject
Global
	GlobalSection(SolutionConfigurationPlatforms) = preSolution
		Debug|Any CPU = Debug|Any CPU
		Release|Any CPU = Release|Any CPU
	EndGlobalSection
	GlobalSection(ProjectConfigurationPlatforms) = postSolution
		{BB548CC0-3619-40B1-8AA8-6B7843A2398D}.Debug|Any CPU.ActiveCfg = Debug|Any CPU
		{BB548CC0-3619-40B1-8AA8-6B7843A2398D}.Debug|Any CPU.Build.0 = Debug|Any CPU
		{BB548CC0-3619-40B1-8AA8-6B7843A2398D}.Release|Any CPU.ActiveCfg = Release|Any CPU
		{BB548CC0-3619-40B1-8AA8-6B7843A2398D}.Release|Any CPU.Build.0 = Release|Any CPU
	EndGlobalSection
	GlobalSection(SolutionProperties) = preSolution
		HideSolutionNode = FALSE
	EndGlobalSection
	GlobalSection(ExtensibilityGlobals) = postSolution
		SolutionGuid = {1752AE32-78CA-44D1-BAEC-3229D36FE357}
	EndGlobalSection
EndGlobal
